// !$*UTF8*$!
{
	archiveVersion = 1;
	classes = {
	};
	objectVersion = 46;
	objects = {

/* Begin PBXBuildFile section */
		1C409F0A1D7042920047B6FA /* AVCaptureVideoPreviewLayer+Helper.m in Sources */ = {isa = PBXBuildFile; fileRef = 1C409EFB1D7042920047B6FA /* AVCaptureVideoPreviewLayer+Helper.m */; };
		1C409F0B1D7042920047B6FA /* QRCodebottomLeft@2x.png in Resources */ = {isa = PBXBuildFile; fileRef = 1C409EFC1D7042920047B6FA /* QRCodebottomLeft@2x.png */; };
		1C409F0C1D7042920047B6FA /* QRCodebottomLeft@3x.png in Resources */ = {isa = PBXBuildFile; fileRef = 1C409EFD1D7042920047B6FA /* QRCodebottomLeft@3x.png */; };
		1C409F0D1D7042920047B6FA /* QRCodebottomRight@2x.png in Resources */ = {isa = PBXBuildFile; fileRef = 1C409EFE1D7042920047B6FA /* QRCodebottomRight@2x.png */; };
		1C409F0E1D7042920047B6FA /* QRCodebottomRight@3x.png in Resources */ = {isa = PBXBuildFile; fileRef = 1C409EFF1D7042920047B6FA /* QRCodebottomRight@3x.png */; };
		1C409F0F1D7042920047B6FA /* QRCodeLine@2x.png in Resources */ = {isa = PBXBuildFile; fileRef = 1C409F001D7042920047B6FA /* QRCodeLine@2x.png */; };
		1C409F101D7042920047B6FA /* QRCodeLine@3x.png in Resources */ = {isa = PBXBuildFile; fileRef = 1C409F011D7042920047B6FA /* QRCodeLine@3x.png */; };
		1C409F111D7042920047B6FA /* QRCodeTopLeft@2x.png in Resources */ = {isa = PBXBuildFile; fileRef = 1C409F021D7042920047B6FA /* QRCodeTopLeft@2x.png */; };
		1C409F121D7042920047B6FA /* QRCodeTopLeft@3x.png in Resources */ = {isa = PBXBuildFile; fileRef = 1C409F031D7042920047B6FA /* QRCodeTopLeft@3x.png */; };
		1C409F131D7042920047B6FA /* QRCodeTopRight@2x.png in Resources */ = {isa = PBXBuildFile; fileRef = 1C409F041D7042920047B6FA /* QRCodeTopRight@2x.png */; };
		1C409F141D7042920047B6FA /* QRCodeTopRight@3x.png in Resources */ = {isa = PBXBuildFile; fileRef = 1C409F051D7042920047B6FA /* QRCodeTopRight@3x.png */; };
		1C409F151D7042920047B6FA /* SYQRCodeOverlayView.m in Sources */ = {isa = PBXBuildFile; fileRef = 1C409F071D7042920047B6FA /* SYQRCodeOverlayView.m */; };
		1C409F161D7042920047B6FA /* SYQRCodeViewController.m in Sources */ = {isa = PBXBuildFile; fileRef = 1C409F091D7042920047B6FA /* SYQRCodeViewController.m */; };
		3367D1DB1D71802000ED2F27 /* ReadQRCodeViewController.m in Sources */ = {isa = PBXBuildFile; fileRef = 3367D1D91D71802000ED2F27 /* ReadQRCodeViewController.m */; };
		3367D1DC1D71802000ED2F27 /* ReadQRCodeViewController.xib in Resources */ = {isa = PBXBuildFile; fileRef = 3367D1DA1D71802000ED2F27 /* ReadQRCodeViewController.xib */; };
		33688DED1D71CB4D0085E242 /* test.png in Resources */ = {isa = PBXBuildFile; fileRef = 33688DEC1D71CB4D0085E242 /* test.png */; };
		B27F395543CF282583ED875B /* libPods.a in Frameworks */ = {isa = PBXBuildFile; fileRef = E6705B7F689DF5A8AAC0E016 /* libPods.a */; };
		CFF5942C1A5BC9040090BF13 /* main.m in Sources */ = {isa = PBXBuildFile; fileRef = CFF5942B1A5BC9040090BF13 /* main.m */; };
		CFF5942F1A5BC9040090BF13 /* AppDelegate.m in Sources */ = {isa = PBXBuildFile; fileRef = CFF5942E1A5BC9040090BF13 /* AppDelegate.m */; };
		CFF594321A5BC9040090BF13 /* ViewController.m in Sources */ = {isa = PBXBuildFile; fileRef = CFF594311A5BC9040090BF13 /* ViewController.m */; };
		CFF594351A5BC9040090BF13 /* Main.storyboard in Resources */ = {isa = PBXBuildFile; fileRef = CFF594331A5BC9040090BF13 /* Main.storyboard */; };
		CFF594371A5BC9040090BF13 /* Images.xcassets in Resources */ = {isa = PBXBuildFile; fileRef = CFF594361A5BC9040090BF13 /* Images.xcassets */; };
		CFF5943A1A5BC9040090BF13 /* LaunchScreen.xib in Resources */ = {isa = PBXBuildFile; fileRef = CFF594381A5BC9040090BF13 /* LaunchScreen.xib */; };
/* End PBXBuildFile section */

/* Begin PBXFileReference section */
		02D74849BF540DE0CC6FA25C /* Pods.debug.xcconfig */ = {isa = PBXFileReference; includeInIndex = 1; lastKnownFileType = text.xcconfig; name = Pods.debug.xcconfig; path = "Pods/Target Support Files/Pods/Pods.debug.xcconfig"; sourceTree = "<group>"; };
		1C409EFA1D7042920047B6FA /* AVCaptureVideoPreviewLayer+Helper.h */ = {isa = PBXFileReference; fileEncoding = 4; lastKnownFileType = sourcecode.c.h; path = "AVCaptureVideoPreviewLayer+Helper.h"; sourceTree = "<group>"; };
		1C409EFB1D7042920047B6FA /* AVCaptureVideoPreviewLayer+Helper.m */ = {isa = PBXFileReference; fileEncoding = 4; lastKnownFileType = sourcecode.c.objc; path = "AVCaptureVideoPreviewLayer+Helper.m"; sourceTree = "<group>"; };
		1C409EFC1D7042920047B6FA /* QRCodebottomLeft@2x.png */ = {isa = PBXFileReference; lastKnownFileType = image.png; path = "QRCodebottomLeft@2x.png"; sourceTree = "<group>"; };
		1C409EFD1D7042920047B6FA /* QRCodebottomLeft@3x.png */ = {isa = PBXFileReference; lastKnownFileType = image.png; path = "QRCodebottomLeft@3x.png"; sourceTree = "<group>"; };
		1C409EFE1D7042920047B6FA /* QRCodebottomRight@2x.png */ = {isa = PBXFileReference; lastKnownFileType = image.png; path = "QRCodebottomRight@2x.png"; sourceTree = "<group>"; };
		1C409EFF1D7042920047B6FA /* QRCodebottomRight@3x.png */ = {isa = PBXFileReference; lastKnownFileType = image.png; path = "QRCodebottomRight@3x.png"; sourceTree = "<group>"; };
		1C409F001D7042920047B6FA /* QRCodeLine@2x.png */ = {isa = PBXFileReference; lastKnownFileType = image.png; path = "QRCodeLine@2x.png"; sourceTree = "<group>"; };
		1C409F011D7042920047B6FA /* QRCodeLine@3x.png */ = {isa = PBXFileReference; lastKnownFileType = image.png; path = "QRCodeLine@3x.png"; sourceTree = "<group>"; };
		1C409F021D7042920047B6FA /* QRCodeTopLeft@2x.png */ = {isa = PBXFileReference; lastKnownFileType = image.png; path = "QRCodeTopLeft@2x.png"; sourceTree = "<group>"; };
		1C409F031D7042920047B6FA /* QRCodeTopLeft@3x.png */ = {isa = PBXFileReference; lastKnownFileType = image.png; path = "QRCodeTopLeft@3x.png"; sourceTree = "<group>"; };
		1C409F041D7042920047B6FA /* QRCodeTopRight@2x.png */ = {isa = PBXFileReference; lastKnownFileType = image.png; path = "QRCodeTopRight@2x.png"; sourceTree = "<group>"; };
		1C409F051D7042920047B6FA /* QRCodeTopRight@3x.png */ = {isa = PBXFileReference; lastKnownFileType = image.png; path = "QRCodeTopRight@3x.png"; sourceTree = "<group>"; };
		1C409F061D7042920047B6FA /* SYQRCodeOverlayView.h */ = {isa = PBXFileReference; fileEncoding = 4; lastKnownFileType = sourcecode.c.h; path = SYQRCodeOverlayView.h; sourceTree = "<group>"; };
		1C409F071D7042920047B6FA /* SYQRCodeOverlayView.m */ = {isa = PBXFileReference; fileEncoding = 4; lastKnownFileType = sourcecode.c.objc; path = SYQRCodeOverlayView.m; sourceTree = "<group>"; };
		1C409F081D7042920047B6FA /* SYQRCodeViewController.h */ = {isa = PBXFileReference; fileEncoding = 4; lastKnownFileType = sourcecode.c.h; path = SYQRCodeViewController.h; sourceTree = "<group>"; };
		1C409F091D7042920047B6FA /* SYQRCodeViewController.m */ = {isa = PBXFileReference; fileEncoding = 4; lastKnownFileType = sourcecode.c.objc; path = SYQRCodeViewController.m; sourceTree = "<group>"; };
		3367D1D81D71802000ED2F27 /* ReadQRCodeViewController.h */ = {isa = PBXFileReference; fileEncoding = 4; lastKnownFileType = sourcecode.c.h; path = ReadQRCodeViewController.h; sourceTree = "<group>"; };
		3367D1D91D71802000ED2F27 /* ReadQRCodeViewController.m */ = {isa = PBXFileReference; fileEncoding = 4; lastKnownFileType = sourcecode.c.objc; path = ReadQRCodeViewController.m; sourceTree = "<group>"; };
		3367D1DA1D71802000ED2F27 /* ReadQRCodeViewController.xib */ = {isa = PBXFileReference; fileEncoding = 4; lastKnownFileType = file.xib; path = ReadQRCodeViewController.xib; sourceTree = "<group>"; };
		33688DEC1D71CB4D0085E242 /* test.png */ = {isa = PBXFileReference; lastKnownFileType = image.png; path = test.png; sourceTree = "<group>"; };
		5CB593ACF081017BF20FB661 /* Pods.release.xcconfig */ = {isa = PBXFileReference; includeInIndex = 1; lastKnownFileType = text.xcconfig; name = Pods.release.xcconfig; path = "Pods/Target Support Files/Pods/Pods.release.xcconfig"; sourceTree = "<group>"; };
		CFF594261A5BC9040090BF13 /* SYQRCodeDemo.app */ = {isa = PBXFileReference; explicitFileType = wrapper.application; includeInIndex = 0; path = SYQRCodeDemo.app; sourceTree = BUILT_PRODUCTS_DIR; };
		CFF5942A1A5BC9040090BF13 /* Info.plist */ = {isa = PBXFileReference; lastKnownFileType = text.plist.xml; path = Info.plist; sourceTree = "<group>"; };
		CFF5942B1A5BC9040090BF13 /* main.m */ = {isa = PBXFileReference; lastKnownFileType = sourcecode.c.objc; path = main.m; sourceTree = "<group>"; };
		CFF5942D1A5BC9040090BF13 /* AppDelegate.h */ = {isa = PBXFileReference; lastKnownFileType = sourcecode.c.h; path = AppDelegate.h; sourceTree = "<group>"; };
		CFF5942E1A5BC9040090BF13 /* AppDelegate.m */ = {isa = PBXFileReference; lastKnownFileType = sourcecode.c.objc; path = AppDelegate.m; sourceTree = "<group>"; };
		CFF594301A5BC9040090BF13 /* ViewController.h */ = {isa = PBXFileReference; lastKnownFileType = sourcecode.c.h; path = ViewController.h; sourceTree = "<group>"; };
		CFF594311A5BC9040090BF13 /* ViewController.m */ = {isa = PBXFileReference; lastKnownFileType = sourcecode.c.objc; path = ViewController.m; sourceTree = "<group>"; };
		CFF594341A5BC9040090BF13 /* Base */ = {isa = PBXFileReference; lastKnownFileType = file.storyboard; name = Base; path = Base.lproj/Main.storyboard; sourceTree = "<group>"; };
		CFF594361A5BC9040090BF13 /* Images.xcassets */ = {isa = PBXFileReference; lastKnownFileType = folder.assetcatalog; path = Images.xcassets; sourceTree = "<group>"; };
		CFF594391A5BC9040090BF13 /* Base */ = {isa = PBXFileReference; lastKnownFileType = file.xib; name = Base; path = Base.lproj/LaunchScreen.xib; sourceTree = "<group>"; };
		E6705B7F689DF5A8AAC0E016 /* libPods.a */ = {isa = PBXFileReference; explicitFileType = archive.ar; includeInIndex = 0; path = libPods.a; sourceTree = BUILT_PRODUCTS_DIR; };
/* End PBXFileReference section */

/* Begin PBXFrameworksBuildPhase section */
		CFF594231A5BC9040090BF13 /* Frameworks */ = {
			isa = PBXFrameworksBuildPhase;
			buildActionMask = 2147483647;
			files = (
				B27F395543CF282583ED875B /* libPods.a in Frameworks */,
			);
			runOnlyForDeploymentPostprocessing = 0;
		};
/* End PBXFrameworksBuildPhase section */

/* Begin PBXGroup section */
		1C409EF91D7042920047B6FA /* SYQRCodeViewController */ = {
			isa = PBXGroup;
			children = (
				1C409EFA1D7042920047B6FA /* AVCaptureVideoPreviewLayer+Helper.h */,
				1C409EFB1D7042920047B6FA /* AVCaptureVideoPreviewLayer+Helper.m */,
				1C409EFC1D7042920047B6FA /* QRCodebottomLeft@2x.png */,
				1C409EFD1D7042920047B6FA /* QRCodebottomLeft@3x.png */,
				1C409EFE1D7042920047B6FA /* QRCodebottomRight@2x.png */,
				1C409EFF1D7042920047B6FA /* QRCodebottomRight@3x.png */,
				1C409F001D7042920047B6FA /* QRCodeLine@2x.png */,
				1C409F011D7042920047B6FA /* QRCodeLine@3x.png */,
				1C409F021D7042920047B6FA /* QRCodeTopLeft@2x.png */,
				1C409F031D7042920047B6FA /* QRCodeTopLeft@3x.png */,
				1C409F041D7042920047B6FA /* QRCodeTopRight@2x.png */,
				1C409F051D7042920047B6FA /* QRCodeTopRight@3x.png */,
				1C409F061D7042920047B6FA /* SYQRCodeOverlayView.h */,
				1C409F071D7042920047B6FA /* SYQRCodeOverlayView.m */,
				1C409F081D7042920047B6FA /* SYQRCodeViewController.h */,
				1C409F091D7042920047B6FA /* SYQRCodeViewController.m */,
			);
			path = SYQRCodeViewController;
			sourceTree = "<group>";
		};
		8DA54AEE82E621BE953A5C4C /* Pods */ = {
			isa = PBXGroup;
			children = (
				02D74849BF540DE0CC6FA25C /* Pods.debug.xcconfig */,
				5CB593ACF081017BF20FB661 /* Pods.release.xcconfig */,
			);
			name = Pods;
			sourceTree = "<group>";
		};
		A596935D4A0BFAE595CA38D7 /* Frameworks */ = {
			isa = PBXGroup;
			children = (
				E6705B7F689DF5A8AAC0E016 /* libPods.a */,
			);
			name = Frameworks;
			sourceTree = "<group>";
		};
		CFF5941D1A5BC9040090BF13 = {
			isa = PBXGroup;
			children = (
				1C409EF91D7042920047B6FA /* SYQRCodeViewController */,
				CFF594281A5BC9040090BF13 /* SYQRCodeDemo */,
				CFF594271A5BC9040090BF13 /* Products */,
				8DA54AEE82E621BE953A5C4C /* Pods */,
				A596935D4A0BFAE595CA38D7 /* Frameworks */,
			);
			sourceTree = "<group>";
		};
		CFF594271A5BC9040090BF13 /* Products */ = {
			isa = PBXGroup;
			children = (
				CFF594261A5BC9040090BF13 /* SYQRCodeDemo.app */,
			);
			name = Products;
			sourceTree = "<group>";
		};
		CFF594281A5BC9040090BF13 /* SYQRCodeDemo */ = {
			isa = PBXGroup;
			children = (
				CFF5942D1A5BC9040090BF13 /* AppDelegate.h */,
				CFF5942E1A5BC9040090BF13 /* AppDelegate.m */,
				CFF594301A5BC9040090BF13 /* ViewController.h */,
				CFF594311A5BC9040090BF13 /* ViewController.m */,
				3367D1D81D71802000ED2F27 /* ReadQRCodeViewController.h */,
				3367D1D91D71802000ED2F27 /* ReadQRCodeViewController.m */,
				3367D1DA1D71802000ED2F27 /* ReadQRCodeViewController.xib */,
				CFF594331A5BC9040090BF13 /* Main.storyboard */,
				CFF594361A5BC9040090BF13 /* Images.xcassets */,
				CFF594381A5BC9040090BF13 /* LaunchScreen.xib */,
				33688DEC1D71CB4D0085E242 /* test.png */,
				CFF594291A5BC9040090BF13 /* Supporting Files */,
			);
			path = SYQRCodeDemo;
			sourceTree = "<group>";
		};
		CFF594291A5BC9040090BF13 /* Supporting Files */ = {
			isa = PBXGroup;
			children = (
				CFF5942A1A5BC9040090BF13 /* Info.plist */,
				CFF5942B1A5BC9040090BF13 /* main.m */,
			);
			name = "Supporting Files";
			sourceTree = "<group>";
		};
/* End PBXGroup section */

/* Begin PBXNativeTarget section */
		CFF594251A5BC9040090BF13 /* SYQRCodeDemo */ = {
			isa = PBXNativeTarget;
			buildConfigurationList = CFF594491A5BC9050090BF13 /* Build configuration list for PBXNativeTarget "SYQRCodeDemo" */;
			buildPhases = (
				82FB4EE8F95C91FE550AD256 /* Check Pods Manifest.lock */,
				CFF594221A5BC9040090BF13 /* Sources */,
				CFF594231A5BC9040090BF13 /* Frameworks */,
				CFF594241A5BC9040090BF13 /* Resources */,
				DEF527D0460E6385D308935F /* Copy Pods Resources */,
			);
			buildRules = (
			);
			dependencies = (
			);
			name = SYQRCodeDemo;
			productName = SYQRCodeDemo;
			productReference = CFF594261A5BC9040090BF13 /* SYQRCodeDemo.app */;
			productType = "com.apple.product-type.application";
		};
/* End PBXNativeTarget section */

/* Begin PBXProject section */
		CFF5941E1A5BC9040090BF13 /* Project object */ = {
			isa = PBXProject;
			attributes = {
				LastUpgradeCheck = 0730;
				ORGANIZATIONNAME = SY;
				TargetAttributes = {
					CFF594251A5BC9040090BF13 = {
						CreatedOnToolsVersion = 6.1;
					};
				};
			};
			buildConfigurationList = CFF594211A5BC9040090BF13 /* Build configuration list for PBXProject "SYQRCodeDemo" */;
			compatibilityVersion = "Xcode 3.2";
			developmentRegion = English;
			hasScannedForEncodings = 0;
			knownRegions = (
				en,
				Base,
			);
			mainGroup = CFF5941D1A5BC9040090BF13;
			productRefGroup = CFF594271A5BC9040090BF13 /* Products */;
			projectDirPath = "";
			projectRoot = "";
			targets = (
				CFF594251A5BC9040090BF13 /* SYQRCodeDemo */,
			);
		};
/* End PBXProject section */

/* Begin PBXResourcesBuildPhase section */
		CFF594241A5BC9040090BF13 /* Resources */ = {
			isa = PBXResourcesBuildPhase;
			buildActionMask = 2147483647;
			files = (
				CFF594351A5BC9040090BF13 /* Main.storyboard in Resources */,
				CFF5943A1A5BC9040090BF13 /* LaunchScreen.xib in Resources */,
				1C409F0D1D7042920047B6FA /* QRCodebottomRight@2x.png in Resources */,
				1C409F141D7042920047B6FA /* QRCodeTopRight@3x.png in Resources */,
				1C409F0E1D7042920047B6FA /* QRCodebottomRight@3x.png in Resources */,
				1C409F0F1D7042920047B6FA /* QRCodeLine@2x.png in Resources */,
				1C409F0B1D7042920047B6FA /* QRCodebottomLeft@2x.png in Resources */,
				CFF594371A5BC9040090BF13 /* Images.xcassets in Resources */,
				1C409F101D7042920047B6FA /* QRCodeLine@3x.png in Resources */,
				1C409F0C1D7042920047B6FA /* QRCodebottomLeft@3x.png in Resources */,
				3367D1DC1D71802000ED2F27 /* ReadQRCodeViewController.xib in Resources */,
				33688DED1D71CB4D0085E242 /* test.png in Resources */,
				1C409F131D7042920047B6FA /* QRCodeTopRight@2x.png in Resources */,
				1C409F121D7042920047B6FA /* QRCodeTopLeft@3x.png in Resources */,
				1C409F111D7042920047B6FA /* QRCodeTopLeft@2x.png in Resources */,
			);
			runOnlyForDeploymentPostprocessing = 0;
		};
/* End PBXResourcesBuildPhase section */

/* Begin PBXShellScriptBuildPhase section */
		82FB4EE8F95C91FE550AD256 /* Check Pods Manifest.lock */ = {
			isa = PBXShellScriptBuildPhase;
			buildActionMask = 2147483647;
			files = (
			);
			inputPaths = (
			);
			name = "Check Pods Manifest.lock";
			outputPaths = (
			);
			runOnlyForDeploymentPostprocessing = 0;
			shellPath = /bin/sh;
			shellScript = "diff \"${PODS_ROOT}/../Podfile.lock\" \"${PODS_ROOT}/Manifest.lock\" > /dev/null\nif [[ $? != 0 ]] ; then\n    cat << EOM\nerror: The sandbox is not in sync with the Podfile.lock. Run 'pod install' or update your CocoaPods installation.\nEOM\n    exit 1\nfi\n";
			showEnvVarsInLog = 0;
		};
		DEF527D0460E6385D308935F /* Copy Pods Resources */ = {
			isa = PBXShellScriptBuildPhase;
			buildActionMask = 2147483647;
			files = (
			);
			inputPaths = (
			);
			name = "Copy Pods Resources";
			outputPaths = (
			);
			runOnlyForDeploymentPostprocessing = 0;
			shellPath = /bin/sh;
			shellScript = "\"${SRCROOT}/Pods/Target Support Files/Pods/Pods-resources.sh\"\n";
			showEnvVarsInLog = 0;
		};
/* End PBXShellScriptBuildPhase section */

/* Begin PBXSourcesBuildPhase section */
		CFF594221A5BC9040090BF13 /* Sources */ = {
			isa = PBXSourcesBuildPhase;
			buildActionMask = 2147483647;
			files = (
				3367D1DB1D71802000ED2F27 /* ReadQRCodeViewController.m in Sources */,
				1C409F151D7042920047B6FA /* SYQRCodeOverlayView.m in Sources */,
				CFF594321A5BC9040090BF13 /* ViewController.m in Sources */,
				1C409F161D7042920047B6FA /* SYQRCodeViewController.m in Sources */,
				CFF5942F1A5BC9040090BF13 /* AppDelegate.m in Sources */,
				1C409F0A1D7042920047B6FA /* AVCaptureVideoPreviewLayer+Helper.m in Sources */,
				CFF5942C1A5BC9040090BF13 /* main.m in Sources */,
			);
			runOnlyForDeploymentPostprocessing = 0;
		};
/* End PBXSourcesBuildPhase section */

/* Begin PBXVariantGroup section */
		CFF594331A5BC9040090BF13 /* Main.storyboard */ = {
			isa = PBXVariantGroup;
			children = (
				CFF594341A5BC9040090BF13 /* Base */,
			);
			name = Main.storyboard;
			sourceTree = "<group>";
		};
		CFF594381A5BC9040090BF13 /* LaunchScreen.xib */ = {
			isa = PBXVariantGroup;
			children = (
				CFF594391A5BC9040090BF13 /* Base */,
			);
			name = LaunchScreen.xib;
			sourceTree = "<group>";
		};
/* End PBXVariantGroup section */

/* Begin XCBuildConfiguration section */
		CFF594471A5BC9050090BF13 /* Debug */ = {
			isa = XCBuildConfiguration;
			buildSettings = {
				ALWAYS_SEARCH_USER_PATHS = NO;
				CLANG_CXX_LANGUAGE_STANDARD = "gnu++0x";
				CLANG_CXX_LIBRARY = "libc++";
				CLANG_ENABLE_MODULES = YES;
				CLANG_ENABLE_OBJC_ARC = YES;
				CLANG_WARN_BOOL_CONVERSION = YES;
				CLANG_WARN_CONSTANT_CONVERSION = YES;
				CLANG_WARN_DIRECT_OBJC_ISA_USAGE = YES_ERROR;
				CLANG_WARN_EMPTY_BODY = YES;
				CLANG_WARN_ENUM_CONVERSION = YES;
				CLANG_WARN_INT_CONVERSION = YES;
				CLANG_WARN_OBJC_ROOT_CLASS = YES_ERROR;
				CLANG_WARN_UNREACHABLE_CODE = YES;
				CLANG_WARN__DUPLICATE_METHOD_MATCH = YES;
				"CODE_SIGN_IDENTITY[sdk=iphoneos*]" = "iPhone Developer";
				COPY_PHASE_STRIP = NO;
				ENABLE_STRICT_OBJC_MSGSEND = YES;
				ENABLE_TESTABILITY = YES;
				GCC_C_LANGUAGE_STANDARD = gnu99;
				GCC_DYNAMIC_NO_PIC = NO;
				GCC_OPTIMIZATION_LEVEL = 0;
				GCC_PREPROCESSOR_DEFINITIONS = (
					"DEBUG=1",
					"$(inherited)",
				);
				GCC_SYMBOLS_PRIVATE_EXTERN = NO;
				GCC_WARN_64_TO_32_BIT_CONVERSION = YES;
				GCC_WARN_ABOUT_RETURN_TYPE = YES_ERROR;
				GCC_WARN_UNDECLARED_SELECTOR = YES;
				GCC_WARN_UNINITIALIZED_AUTOS = YES_AGGRESSIVE;
				GCC_WARN_UNUSED_FUNCTION = YES;
				GCC_WARN_UNUSED_VARIABLE = YES;
				IPHONEOS_DEPLOYMENT_TARGET = 7.0;
				MTL_ENABLE_DEBUG_INFO = YES;
				ONLY_ACTIVE_ARCH = YES;
				SDKROOT = iphoneos;
			};
			name = Debug;
		};
		CFF594481A5BC9050090BF13 /* Release */ = {
			isa = XCBuildConfiguration;
			buildSettings = {
				ALWAYS_SEARCH_USER_PATHS = NO;
				CLANG_CXX_LANGUAGE_STANDARD = "gnu++0x";
				CLANG_CXX_LIBRARY = "libc++";
				CLANG_ENABLE_MODULES = YES;
				CLANG_ENABLE_OBJC_ARC = YES;
				CLANG_WARN_BOOL_CONVERSION = YES;
				CLANG_WARN_CONSTANT_CONVERSION = YES;
				CLANG_WARN_DIRECT_OBJC_ISA_USAGE = YES_ERROR;
				CLANG_WARN_EMPTY_BODY = YES;
				CLANG_WARN_ENUM_CONVERSION = YES;
				CLANG_WARN_INT_CONVERSION = YES;
				CLANG_WARN_OBJC_ROOT_CLASS = YES_ERROR;
				CLANG_WARN_UNREACHABLE_CODE = YES;
				CLANG_WARN__DUPLICATE_METHOD_MATCH = YES;
				"CODE_SIGN_IDENTITY[sdk=iphoneos*]" = "iPhone Developer";
				COPY_PHASE_STRIP = YES;
				ENABLE_NS_ASSERTIONS = NO;
				ENABLE_STRICT_OBJC_MSGSEND = YES;
				GCC_C_LANGUAGE_STANDARD = gnu99;
				GCC_WARN_64_TO_32_BIT_CONVERSION = YES;
				GCC_WARN_ABOUT_RETURN_TYPE = YES_ERROR;
				GCC_WARN_UNDECLARED_SELECTOR = YES;
				GCC_WARN_UNINITIALIZED_AUTOS = YES_AGGRESSIVE;
				GCC_WARN_UNUSED_FUNCTION = YES;
				GCC_WARN_UNUSED_VARIABLE = YES;
				IPHONEOS_DEPLOYMENT_TARGET = 7.0;
				MTL_ENABLE_DEBUG_INFO = NO;
				SDKROOT = iphoneos;
				VALIDATE_PRODUCT = YES;
			};
			name = Release;
		};
		CFF5944A1A5BC9050090BF13 /* Debug */ = {
			isa = XCBuildConfiguration;
			baseConfigurationReference = 02D74849BF540DE0CC6FA25C /* Pods.debug.xcconfig */;
			buildSettings = {
				ASSETCATALOG_COMPILER_APPICON_NAME = AppIcon;
				INFOPLIST_FILE = SYQRCodeDemo/Info.plist;
				IPHONEOS_DEPLOYMENT_TARGET = 7.0;
				LD_RUNPATH_SEARCH_PATHS = "$(inherited) @executable_path/Frameworks";
				LIBRARY_SEARCH_PATHS = "$(inherited)";
				PRODUCT_BUNDLE_IDENTIFIER = com.wfyouth.SYQRCodeDemoeee;
				PRODUCT_NAME = "$(TARGET_NAME)";
			};
			name = Debug;
		};
		CFF5944B1A5BC9050090BF13 /* Release */ = {
			isa = XCBuildConfiguration;
			baseConfigurationReference = 5CB593ACF081017BF20FB661 /* Pods.release.xcconfig */;
			buildSettings = {
				ASSETCATALOG_COMPILER_APPICON_NAME = AppIcon;
				INFOPLIST_FILE = SYQRCodeDemo/Info.plist;
				IPHONEOS_DEPLOYMENT_TARGET = 7.0;
				LD_RUNPATH_SEARCH_PATHS = "$(inherited) @executable_path/Frameworks";
				LIBRARY_SEARCH_PATHS = "$(inherited)";
				PRODUCT_BUNDLE_IDENTIFIER = com.wfyouth.SYQRCodeDemoeee;
				PRODUCT_NAME = "$(TARGET_NAME)";
			};
			name = Release;
		};
/* End XCBuildConfiguration section */

/* Begin XCConfigurationList section */
		CFF594211A5BC9040090BF13 /* Build configuration list for PBXProject "SYQRCodeDemo" */ = {
			isa = XCConfigurationList;
			buildConfigurations = (
				CFF594471A5BC9050090BF13 /* Debug */,
				CFF594481A5BC9050090BF13 /* Release */,
			);
			defaultConfigurationIsVisible = 0;
			defaultConfigurationName = Release;
		};
		CFF594491A5BC9050090BF13 /* Build configuration list for PBXNativeTarget "SYQRCodeDemo" */ = {
			isa = XCConfigurationList;
			buildConfigurations = (
				CFF5944A1A5BC9050090BF13 /* Debug */,
				CFF5944B1A5BC9050090BF13 /* Release */,
			);
			defaultConfigurationIsVisible = 0;
			defaultConfigurationName = Release;
		};
/* End XCConfigurationList section */
	};
	rootObject = CFF5941E1A5BC9040090BF13 /* Project object */;
}
